{
    "_readme": [
        "This file locks the dependencies of your project to a known state",
        "Read more about it at https://getcomposer.org/doc/01-basic-usage.md#composer-lock-the-lock-file",
        "This file is @generated automatically"
    ],
    "content-hash": "988b105e3bd07491e42112717640d309",
    "packages": [
        {
            "name": "paypal/adaptiveaccounts-sdk-php",
            "version": "v3.10.2",
            "source": {
                "type": "git",
                "url": "https://github.com/paypal/adaptiveaccounts-sdk-php.git",
                "reference": "876ef1030da2a03c66df0a34e97645efd138758d"
            },
            "dist": {
                "type": "zip",
                "url": "https://api.github.com/repos/paypal/adaptiveaccounts-sdk-php/zipball/876ef1030da2a03c66df0a34e97645efd138758d",
                "reference": "876ef1030da2a03c66df0a34e97645efd138758d",
                "shasum": ""
            },
            "require": {
                "ext-curl": "*",
                "paypal/sdk-core-php": "3.*",
                "php": ">=5.3.0"
            },
            "type": "library",
            "autoload": {
                "psr-0": {
                    "PayPal\\Service": "lib/",
                    "PayPal\\Types": "lib/"
                }
            },
            "notification-url": "https://packagist.org/downloads/",
            "license": [
                "Apache2"
            ],
            "authors": [
                {
                    "name": "PayPal",
                    "homepage": "https://github.com/paypal/adaptiveaccounts-sdk-php/contributors"
                }
            ],
            "description": "PayPal adaptiveaccounts SDK for PHP",
            "homepage": "https://developer.paypal.com",
            "keywords": [
                "paypal",
                "php",
                "sdk"
            ],
            "time": "2015-12-09T17:40:28+00:00"
        },
        {
            "name": "paypal/rest-api-sdk-php",
            "version": "1.11.0",
            "source": {
                "type": "git",
                "url": "https://github.com/paypal/PayPal-PHP-SDK.git",
                "reference": "7e664f12be32b975575371e8ad3bc17b6b318851"
            },
            "dist": {
                "type": "zip",
                "url": "https://api.github.com/repos/paypal/PayPal-PHP-SDK/zipball/7e664f12be32b975575371e8ad3bc17b6b318851",
                "reference": "7e664f12be32b975575371e8ad3bc17b6b318851",
                "shasum": ""
            },
            "require": {
                "ext-curl": "*",
                "ext-json": "*",
                "php": ">=5.3.0",
                "psr/log": "^1.0.0"
            },
            "require-dev": {
                "phpunit/phpunit": "3.7.*"
            },
            "type": "library",
            "autoload": {
                "psr-0": {
                    "PayPal": "lib/"
                }
            },
            "notification-url": "https://packagist.org/downloads/",
            "license": [
                "Apache-2.0"
            ],
            "authors": [
                {
                    "name": "PayPal",
                    "homepage": "https://github.com/paypal/rest-api-sdk-php/contributors"
                }
            ],
            "description": "PayPal's PHP SDK for REST APIs",
            "homepage": "http://paypal.github.io/PayPal-PHP-SDK/",
            "keywords": [
                "payments",
                "paypal",
                "rest",
                "sdk"
            ],
            "time": "2016-12-14T21:59:21+00:00"
        },
        {
            "name": "paypal/sdk-core-php",
            "version": "3.3.2",
            "source": {
                "type": "git",
                "url": "https://github.com/paypal/sdk-core-php.git",
                "reference": "6e4ebde3bc2978f80ddf96441194577f59fe5045"
            },
            "dist": {
                "type": "zip",
                "url": "https://api.github.com/repos/paypal/sdk-core-php/zipball/6e4ebde3bc2978f80ddf96441194577f59fe5045",
                "reference": "6e4ebde3bc2978f80ddf96441194577f59fe5045",
                "shasum": ""
            },
            "require": {
                "ext-curl": "*",
                "php": ">=5.3.0"
            },
            "require-dev": {
                "phpunit/phpunit": "3.7.*"
            },
            "type": "library",
            "autoload": {
                "psr-0": {
                    "PayPal": "lib/"
                }
            },
            "notification-url": "https://packagist.org/downloads/",
            "license": [
                "Apache-2.0"
            ],
            "authors": [
                {
                    "name": "PayPal",
                    "homepage": "https://github.com/paypal/sdk-core-php/contributors"
                }
            ],
            "description": "PayPal Core SDK for PHP",
            "homepage": "https://github.com/paypal/sdk-core-php",
            "keywords": [
                "paypal",
                "php",
                "sdk"
            ],
            "time": "2016-10-25T17:18:46+00:00"
        },
        {
            "name": "psr/log",
            "version": "1.0.2",
            "source": {
                "type": "git",
                "url": "https://github.com/php-fig/log.git",
                "reference": "4ebe3a8bf773a19edfe0a84b6585ba3d401b724d"
            },
            "dist": {
                "type": "zip",
                "url": "https://api.github.com/repos/php-fig/log/zipball/4ebe3a8bf773a19edfe0a84b6585ba3d401b724d",
                "reference": "4ebe3a8bf773a19edfe0a84b6585ba3d401b724d",
                "shasum": ""
            },
            "require": {
                "php": ">=5.3.0"
            },
            "type": "library",
            "extra": {
                "branch-alias": {
                    "dev-master": "1.0.x-dev"
                }
            },
            "autoload": {
                "psr-4": {
                    "Psr\\Log\\": "Psr/Log/"
                }
            },
            "notification-url": "https://packagist.org/downloads/",
            "license": [
                "MIT"
            ],
            "authors": [
                {
                    "name": "PHP-FIG",
                    "homepage": "http://www.php-fig.org/"
                }
            ],
            "description": "Common interface for logging libraries",
            "homepage": "https://github.com/php-fig/log",
            "keywords": [
                "log",
                "psr",
                "psr-3"
            ],
            "time": "2016-10-10T12:19:37+00:00"
        }
    ],
    "packages-dev": [],
    "aliases": [],
    "minimum-stability": "stable",
    "stability-flags": [],
    "prefer-stable": false,
    "prefer-lowest": false,
    "platform": [],
    "platform-dev": []
}
